
Microsoft Visual Studio Solution File, Format Version 12.00
# Visual Studio 2013
VisualStudioVersion = 12.0.31101.0
MinimumVisualStudioVersion = 10.0.40219.1
Project("{FAE04EC0-301F-11D3-BF4B-00C04F79EFBC}") = "EmailTracker", "EmailTracker.csproj", "{9E58499C-173B-4C72-BCFB-F0AE90FAFA3D}"
EndProject
Project("{FAE04EC0-301F-11D3-BF4B-00C04F79EFBC}") = "EmailTrackerWeb", "..\EmailTrackerWeb\EmailTrackerWeb.csproj", "{46F4B98A-CE3B-416C-81EA-292349BF6D9C}"
EndProject
Global
	GlobalSection(SolutionConfigurationPlatforms) = preSolution
		Debug|Any CPU = Debug|Any CPU
		Release|Any CPU = Release|Any CPU
	EndGlobalSection
	GlobalSection(ProjectConfigurationPlatforms) = postSolution
		{9E58499C-173B-4C72-BCFB-F0AE90FAFA3D}.Debug|Any CPU.ActiveCfg = Debug|Any CPU
		{9E58499C-173B-4C72-BCFB-F0AE90FAFA3D}.Debug|Any CPU.Build.0 = Debug|Any CPU
		{9E58499C-173B-4C72-BCFB-F0AE90FAFA3D}.Debug|Any CPU.Deploy.0 = Debug|Any CPU
		{9E58499C-173B-4C72-BCFB-F0AE90FAFA3D}.Release|Any CPU.ActiveCfg = Release|Any CPU
		{9E58499C-173B-4C72-BCFB-F0AE90FAFA3D}.Release|Any CPU.Build.0 = Release|Any CPU
		{9E58499C-173B-4C72-BCFB-F0AE90FAFA3D}.Release|Any CPU.Deploy.0 = Release|Any CPU
		{46F4B98A-CE3B-416C-81EA-292349BF6D9C}.Debug|Any CPU.ActiveCfg = Debug|Any CPU
		{46F4B98A-CE3B-416C-81EA-292349BF6D9C}.Debug|Any CPU.Build.0 = Debug|Any CPU
		{46F4B98A-CE3B-416C-81EA-292349BF6D9C}.Release|Any CPU.ActiveCfg = Release|Any CPU
		{46F4B98A-CE3B-416C-81EA-292349BF6D9C}.Release|Any CPU.Build.0 = Release|Any CPU
	EndGlobalSection
	GlobalSection(SolutionProperties) = preSolution
		HideSolutionNode = FALSE
	EndGlobalSection
EndGlobal
